{
  "version": 4,
  "terraform_version": "1.1.4",
  "serial": 188,
  "lineage": "a7f3d897-e442-194b-272b-0a1c65585b3f",
  "outputs": {},
  "resources": [
    {
      "mode": "data",
      "type": "aws_eks_cluster_auth",
      "name": "cluster_auth",
      "provider": "provider[\"registry.terraform.io/hashicorp/aws\"]",
      "instances": [
        {
          "schema_version": 0,
          "attributes": {
            "id": "my-eks-cluster",
            "name": "my-eks-cluster",
            "token": "k8s-aws-v1.aHR0cHM6Ly9zdHMuYW1hem9uYXdzLmNvbS8_QWN0aW9uPUdldENhbGxlcklkZW50aXR5JlZlcnNpb249MjAxMS0wNi0xNSZYLUFtei1BbGdvcml0aG09QVdTNC1ITUFDLVNIQTI1NiZYLUFtei1DcmVkZW50aWFsPUFLSUE2RlVVUTVLSVRDNkZLWllGJTJGMjAyMjA2MTclMkZ1cy1lYXN0LTElMkZzdHMlMkZhd3M0X3JlcXVlc3QmWC1BbXotRGF0ZT0yMDIyMDYxN1QxMTEwMjRaJlgtQW16LUV4cGlyZXM9MCZYLUFtei1TaWduZWRIZWFkZXJzPWhvc3QlM0J4LWs4cy1hd3MtaWQmWC1BbXotU2lnbmF0dXJlPTc4MzhhNTI5NGVkNjgzNDgyNGJlMmYxYTI5ZmVlNTA0Mjk2OWJiODBiMDhhZjExYmJlZTM5MjczYmJiZmNlZTE"
          },
          "sensitive_attributes": []
        }
      ]
    },
    {
      "mode": "managed",
      "type": "kubernetes_namespace",
      "name": "istio-system",
      "provider": "provider[\"registry.terraform.io/hashicorp/kubernetes\"]",
      "instances": [
        {
          "schema_version": 0,
          "attributes": {
            "id": "istio-system",
            "metadata": [
              {
                "annotations": {},
                "generate_name": "",
                "generation": 0,
                "labels": {},
                "name": "istio-system",
                "resource_version": "37964",
                "uid": "9e34fac9-f8f0-4fac-b51a-1af873e700e0"
              }
            ],
            "timeouts": null
          },
          "sensitive_attributes": [],
          "private": "eyJlMmJmYjczMC1lY2FhLTExZTYtOGY4OC0zNDM2M2JjN2M0YzAiOnsiZGVsZXRlIjozMDAwMDAwMDAwMDB9fQ==",
          "dependencies": [
            "data.aws_eks_cluster_auth.cluster_auth",
            "module.eks_cluster.aws_eks_addon.addon",
            "module.eks_cluster.aws_eks_cluster.eks_cluster",
            "module.eks_cluster.aws_eks_node_group.node",
            "module.eks_cluster.aws_iam_openid_connect_provider.oicp",
            "module.eks_cluster.aws_iam_role.addon_role",
            "module.eks_cluster.aws_iam_role.eks_nodes_role",
            "module.eks_cluster.aws_iam_role.eks_role",
            "module.eks_cluster.aws_iam_role_policy_attachment.AmazonEC2ContainerRegistryReadOnly",
            "module.eks_cluster.aws_iam_role_policy_attachment.AmazonEKSClusterPolicy",
            "module.eks_cluster.aws_iam_role_policy_attachment.AmazonEKSServicePolicy",
            "module.eks_cluster.aws_iam_role_policy_attachment.AmazonEKSWorkerNodePolicy",
            "module.eks_cluster.aws_iam_role_policy_attachment.AmazonEKS_CNI_Policy",
            "module.eks_cluster.aws_iam_role_policy_attachment.addon_policy",
            "module.eks_cluster.aws_key_pair.generated",
            "module.eks_cluster.aws_ssm_parameter.key_pair",
            "module.eks_cluster.data.aws_iam_policy_document.assume_role_policy",
            "module.eks_cluster.data.tls_certificate.tls_cert",
            "module.eks_cluster.tls_private_key.generated",
            "module.vpc.aws_subnet.private_subnets",
            "module.vpc.aws_vpc.main"
          ]
        }
      ]
    },
    {
      "mode": "managed",
      "type": "kubernetes_namespace",
      "name": "microservice",
      "provider": "provider[\"registry.terraform.io/hashicorp/kubernetes\"]",
      "instances": [
        {
          "schema_version": 0,
          "attributes": {
            "id": "microservice",
            "metadata": [
              {
                "annotations": {},
                "generate_name": "",
                "generation": 0,
                "labels": {
                  "istio-injection": "enabled"
                },
                "name": "microservice",
                "resource_version": "37219",
                "uid": "2609d65f-7e3c-4102-a2d9-99167f6971ae"
              }
            ],
            "timeouts": null
          },
          "sensitive_attributes": [],
          "private": "eyJlMmJmYjczMC1lY2FhLTExZTYtOGY4OC0zNDM2M2JjN2M0YzAiOnsiZGVsZXRlIjozMDAwMDAwMDAwMDB9fQ==",
          "dependencies": [
            "data.aws_eks_cluster_auth.cluster_auth",
            "module.eks_cluster.aws_eks_addon.addon",
            "module.eks_cluster.aws_eks_cluster.eks_cluster",
            "module.eks_cluster.aws_eks_node_group.node",
            "module.eks_cluster.aws_iam_openid_connect_provider.oicp",
            "module.eks_cluster.aws_iam_role.addon_role",
            "module.eks_cluster.aws_iam_role.eks_nodes_role",
            "module.eks_cluster.aws_iam_role.eks_role",
            "module.eks_cluster.aws_iam_role_policy_attachment.AmazonEC2ContainerRegistryReadOnly",
            "module.eks_cluster.aws_iam_role_policy_attachment.AmazonEKSClusterPolicy",
            "module.eks_cluster.aws_iam_role_policy_attachment.AmazonEKSServicePolicy",
            "module.eks_cluster.aws_iam_role_policy_attachment.AmazonEKSWorkerNodePolicy",
            "module.eks_cluster.aws_iam_role_policy_attachment.AmazonEKS_CNI_Policy",
            "module.eks_cluster.aws_iam_role_policy_attachment.addon_policy",
            "module.eks_cluster.aws_key_pair.generated",
            "module.eks_cluster.aws_ssm_parameter.key_pair",
            "module.eks_cluster.data.aws_iam_policy_document.assume_role_policy",
            "module.eks_cluster.data.tls_certificate.tls_cert",
            "module.eks_cluster.tls_private_key.generated",
            "module.vpc.aws_subnet.private_subnets",
            "module.vpc.aws_vpc.main"
          ]
        }
      ]
    },
    {
      "module": "module.eks_cluster",
      "mode": "managed",
      "type": "aws_eks_cluster",
      "name": "eks_cluster",
      "provider": "provider[\"registry.terraform.io/hashicorp/aws\"]",
      "instances": [
        {
          "schema_version": 0,
          "attributes": {
            "arn": "arn:aws:eks:us-east-1:974195321489:cluster/my-eks-cluster",
            "certificate_authority": [
              {
                "data": "LS0tLS1CRUdJTiBDRVJUSUZJQ0FURS0tLS0tCk1JSUM1ekNDQWMrZ0F3SUJBZ0lCQURBTkJna3Foa2lHOXcwQkFRc0ZBREFWTVJNd0VRWURWUVFERXdwcmRXSmwKY201bGRHVnpNQjRYRFRJeU1EWXhOekEzTlRZeU9Wb1hEVE15TURZeE5EQTNOVFl5T1Zvd0ZURVRNQkVHQTFVRQpBeE1LYTNWaVpYSnVaWFJsY3pDQ0FTSXdEUVlKS29aSWh2Y05BUUVCQlFBRGdnRVBBRENDQVFvQ2dnRUJBS2NmCkQ4dkhiWnZpUlNMQ0JDZkhlOXY0Q205dEtBLzY5aHdBcTl1dHYwRlBLS0FuVHhqUVYrdnp3Y3JQc2ZmeGdMYzYKcUdZWDlQS1EzSUcxd2tkU2pQS3R0OUFRZXU5SjVmUWIxNTdXak96TzJwcnMxL2MzSlp2TmI5UFQ5SGtneUNWeApiZGg0M0Rwekoyb2pZMGwrcHZZSTd6SVcxdXZEa0M3S0hoSWM2VkN5dWVhcjkyR2VRdFRWYTRpMzdEYkdtdG5wCmY5UjV4R1kxb2xOQzNGeVM4RmpSQitidEowaWl1RlhnZEY2Y1RseU8zN2NsQXRiMTZvSEs5WUgzTTFueEE3L04KM1hmWVNwYXZHQkVNYWJNN3FTMWZPMXV2K0J0VjQrRThER29DSkI5MlExUUZlcTVlaXhGN1dKRVlDNzYyMit0ZApoZlpZSS8wQ2x1eDhueHNSamQwQ0F3RUFBYU5DTUVBd0RnWURWUjBQQVFIL0JBUURBZ0trTUE4R0ExVWRFd0VCCi93UUZNQU1CQWY4d0hRWURWUjBPQkJZRUZQOVB3ZmErREYweHdYaGhETDZ0VjFTM2ZqbzJNQTBHQ1NxR1NJYjMKRFFFQkN3VUFBNElCQVFCNUhVUnBRSlRPOXV6UnRBTUlLUEJTWno5WmsxRUpIbVVMclpETWpGeEQ4cG92TW1mVgp1MnpCVXIzdHBMNzlZTkdabkMyV2tFY1o0dmF2bEdrU0hkWWs2blVPc3NFOVJ0VTVnT1RjWGVQdzFySTVXTzhKCnZId2FHdDRjOGh5NzB1enphYVpWd0R2V01aUTdNSDBiUjFtd0hZNDR0a3I3RkxMSjdVcjBuTWxNRjhtSUh2RjAKNERqaXlXbG9RWCs5Z0dJaGZQbGVYQVNRdDFKRGlMSkpYd29UakRiaE9BSjV2ZjcyL2JFbTdUa1ArRUpYWUcyYQpEcWxtdlhxN0dVSjNJMUNuNDFXN3lEQVd0OVpoQ0RrdWxKcTJySURjSnZMamZQelpPN2M3b2Q3K2oybDFERDFLCjRORjdTQWdpbnYxZUdMSmFtUWdzK2FRQm1nY2M1S2ZjMXZFMgotLS0tLUVORCBDRVJUSUZJQ0FURS0tLS0tCg=="
              }
            ],
            "created_at": "2022-06-17 07:49:13.996 +0000 UTC",
            "enabled_cluster_log_types": [],
            "encryption_config": [],
            "endpoint": "https://B211A328E26F2E9BB844E8F1817ABEFF.gr7.us-east-1.eks.amazonaws.com",
            "id": "my-eks-cluster",
            "identity": [
              {
                "oidc": [
                  {
                    "issuer": "https://oidc.eks.us-east-1.amazonaws.com/id/B211A328E26F2E9BB844E8F1817ABEFF"
                  }
                ]
              }
            ],
            "kubernetes_network_config": [
              {
                "ip_family": "ipv4",
                "service_ipv4_cidr": "172.20.0.0/16"
              }
            ],
            "name": "my-eks-cluster",
            "platform_version": "eks.7",
            "role_arn": "arn:aws:iam::974195321489:role/eks-cluster-role",
            "status": "ACTIVE",
            "tags": {
              "Name": "my-eks-cluster"
            },
            "tags_all": {
              "Name": "my-eks-cluster"
            },
            "timeouts": null,
            "version": "1.21",
            "vpc_config": [
              {
                "cluster_security_group_id": "sg-0983ed5bf2a6ef3da",
                "endpoint_private_access": false,
                "endpoint_public_access": true,
                "public_access_cidrs": [
                  "0.0.0.0/0"
                ],
                "security_group_ids": [],
                "subnet_ids": [
                  "subnet-0862e28d5001905d1",
                  "subnet-0cfc61ad03faf6721"
                ],
                "vpc_id": "vpc-093df62161afeda0e"
              }
            ]
          },
          "sensitive_attributes": [],
          "private": "eyJlMmJmYjczMC1lY2FhLTExZTYtOGY4OC0zNDM2M2JjN2M0YzAiOnsiY3JlYXRlIjoxODAwMDAwMDAwMDAwLCJkZWxldGUiOjkwMDAwMDAwMDAwMCwidXBkYXRlIjozNjAwMDAwMDAwMDAwfX0=",
          "dependencies": [
            "module.eks_cluster.aws_iam_role.eks_role",
            "module.vpc.aws_subnet.private_subnets",
            "module.vpc.aws_vpc.main"
          ]
        }
      ]
    },
    {
      "module": "module.eks_cluster",
      "mode": "managed",
      "type": "aws_eks_node_group",
      "name": "node",
      "provider": "provider[\"registry.terraform.io/hashicorp/aws\"]",
      "instances": [
        {
          "index_key": 0,
          "schema_version": 0,
          "attributes": {
            "ami_type": "AL2_x86_64",
            "arn": "arn:aws:eks:us-east-1:974195321489:nodegroup/my-eks-cluster/my-eks-node-group/84c0b856-8a36-9161-4a76-989f413eadee",
            "capacity_type": "ON_DEMAND",
            "cluster_name": "my-eks-cluster",
            "disk_size": 20,
            "force_update_version": null,
            "id": "my-eks-cluster:my-eks-node-group",
            "instance_types": [
              "t3.medium"
            ],
            "labels": {},
            "launch_template": [],
            "node_group_name": "my-eks-node-group",
            "node_group_name_prefix": "",
            "node_role_arn": "arn:aws:iam::974195321489:role/eks-node-role-name",
            "release_version": "1.21.12-20220610",
            "remote_access": [],
            "resources": [
              {
                "autoscaling_groups": [
                  {
                    "name": "eks-my-eks-node-group-84c0b856-8a36-9161-4a76-989f413eadee"
                  }
                ],
                "remote_access_security_group_id": ""
              }
            ],
            "scaling_config": [
              {
                "desired_size": 2,
                "max_size": 2,
                "min_size": 1
              }
            ],
            "status": "ACTIVE",
            "subnet_ids": [
              "subnet-0862e28d5001905d1",
              "subnet-0cfc61ad03faf6721"
            ],
            "tags": {
              "Name": "my-eks-node-group",
              "propagate_at_launch": "true"
            },
            "tags_all": {
              "Name": "my-eks-node-group",
              "propagate_at_launch": "true"
            },
            "taint": [],
            "timeouts": null,
            "update_config": [
              {
                "max_unavailable": 0,
                "max_unavailable_percentage": 50
              }
            ],
            "version": "1.21"
          },
          "sensitive_attributes": [],
          "private": "eyJlMmJmYjczMC1lY2FhLTExZTYtOGY4OC0zNDM2M2JjN2M0YzAiOnsiY3JlYXRlIjozNjAwMDAwMDAwMDAwLCJkZWxldGUiOjM2MDAwMDAwMDAwMDAsInVwZGF0ZSI6MzYwMDAwMDAwMDAwMH19",
          "dependencies": [
            "module.eks_cluster.aws_eks_cluster.eks_cluster",
            "module.eks_cluster.aws_iam_role.eks_nodes_role",
            "module.eks_cluster.aws_iam_role.eks_role",
            "module.vpc.aws_subnet.private_subnets",
            "module.vpc.aws_vpc.main"
          ]
        }
      ]
    },
    {
      "module": "module.eks_cluster",
      "mode": "managed",
      "type": "aws_iam_role",
      "name": "eks_nodes_role",
      "provider": "provider[\"registry.terraform.io/hashicorp/aws\"]",
      "instances": [
        {
          "index_key": 0,
          "schema_version": 0,
          "attributes": {
            "arn": "arn:aws:iam::974195321489:role/eks-node-role-name",
            "assume_role_policy": "{\"Version\":\"2012-10-17\",\"Statement\":[{\"Effect\":\"Allow\",\"Principal\":{\"Service\":\"ec2.amazonaws.com\"},\"Action\":\"sts:AssumeRole\"}]}",
            "create_date": "2022-06-17T07:48:57Z",
            "description": "",
            "force_detach_policies": false,
            "id": "eks-node-role-name",
            "inline_policy": [
              {
                "name": "",
                "policy": ""
              }
            ],
            "managed_policy_arns": [
              "arn:aws:iam::aws:policy/AmazonEC2ContainerRegistryReadOnly",
              "arn:aws:iam::aws:policy/AmazonEKSWorkerNodePolicy",
              "arn:aws:iam::aws:policy/AmazonEKS_CNI_Policy"
            ],
            "max_session_duration": 3600,
            "name": "eks-node-role-name",
            "name_prefix": "",
            "path": "/",
            "permissions_boundary": null,
            "tags": {},
            "tags_all": {},
            "unique_id": "AROA6FUUQ5KIVLBM3FBK7"
          },
          "sensitive_attributes": [],
          "private": "bnVsbA=="
        }
      ]
    },
    {
      "module": "module.eks_cluster",
      "mode": "managed",
      "type": "aws_iam_role",
      "name": "eks_role",
      "provider": "provider[\"registry.terraform.io/hashicorp/aws\"]",
      "instances": [
        {
          "index_key": 0,
          "schema_version": 0,
          "attributes": {
            "arn": "arn:aws:iam::974195321489:role/eks-cluster-role",
            "assume_role_policy": "{\"Version\":\"2012-10-17\",\"Statement\":[{\"Effect\":\"Allow\",\"Principal\":{\"Service\":\"eks.amazonaws.com\"},\"Action\":\"sts:AssumeRole\"}]}",
            "create_date": "2022-06-17T07:48:57Z",
            "description": "",
            "force_detach_policies": false,
            "id": "eks-cluster-role",
            "inline_policy": [
              {
                "name": "",
                "policy": ""
              }
            ],
            "managed_policy_arns": [
              "arn:aws:iam::aws:policy/AmazonEKSClusterPolicy",
              "arn:aws:iam::aws:policy/AmazonEKSServicePolicy"
            ],
            "max_session_duration": 3600,
            "name": "eks-cluster-role",
            "name_prefix": "",
            "path": "/",
            "permissions_boundary": null,
            "tags": {},
            "tags_all": {},
            "unique_id": "AROA6FUUQ5KI6IW2TFUPL"
          },
          "sensitive_attributes": [],
          "private": "bnVsbA=="
        }
      ]
    },
    {
      "module": "module.eks_cluster",
      "mode": "managed",
      "type": "aws_iam_role_policy_attachment",
      "name": "AmazonEC2ContainerRegistryReadOnly",
      "provider": "provider[\"registry.terraform.io/hashicorp/aws\"]",
      "instances": [
        {
          "index_key": 0,
          "schema_version": 0,
          "attributes": {
            "id": "eks-node-role-name-20220617074859529700000005",
            "policy_arn": "arn:aws:iam::aws:policy/AmazonEC2ContainerRegistryReadOnly",
            "role": "eks-node-role-name"
          },
          "sensitive_attributes": [],
          "private": "bnVsbA==",
          "dependencies": [
            "module.eks_cluster.aws_iam_role.eks_nodes_role"
          ]
        }
      ]
    },
    {
      "module": "module.eks_cluster",
      "mode": "managed",
      "type": "aws_iam_role_policy_attachment",
      "name": "AmazonEKSClusterPolicy",
      "provider": "provider[\"registry.terraform.io/hashicorp/aws\"]",
      "instances": [
        {
          "index_key": 0,
          "schema_version": 0,
          "attributes": {
            "id": "eks-cluster-role-20220617074859345300000001",
            "policy_arn": "arn:aws:iam::aws:policy/AmazonEKSClusterPolicy",
            "role": "eks-cluster-role"
          },
          "sensitive_attributes": [],
          "private": "bnVsbA==",
          "dependencies": [
            "module.eks_cluster.aws_iam_role.eks_role"
          ]
        }
      ]
    },
    {
      "module": "module.eks_cluster",
      "mode": "managed",
      "type": "aws_iam_role_policy_attachment",
      "name": "AmazonEKSServicePolicy",
      "provider": "provider[\"registry.terraform.io/hashicorp/aws\"]",
      "instances": [
        {
          "index_key": 0,
          "schema_version": 0,
          "attributes": {
            "id": "eks-cluster-role-20220617074859352400000002",
            "policy_arn": "arn:aws:iam::aws:policy/AmazonEKSServicePolicy",
            "role": "eks-cluster-role"
          },
          "sensitive_attributes": [],
          "private": "bnVsbA==",
          "dependencies": [
            "module.eks_cluster.aws_iam_role.eks_role"
          ]
        }
      ]
    },
    {
      "module": "module.eks_cluster",
      "mode": "managed",
      "type": "aws_iam_role_policy_attachment",
      "name": "AmazonEKSWorkerNodePolicy",
      "provider": "provider[\"registry.terraform.io/hashicorp/aws\"]",
      "instances": [
        {
          "index_key": 0,
          "schema_version": 0,
          "attributes": {
            "id": "eks-node-role-name-20220617074859519500000004",
            "policy_arn": "arn:aws:iam::aws:policy/AmazonEKSWorkerNodePolicy",
            "role": "eks-node-role-name"
          },
          "sensitive_attributes": [],
          "private": "bnVsbA==",
          "dependencies": [
            "module.eks_cluster.aws_iam_role.eks_nodes_role"
          ]
        }
      ]
    },
    {
      "module": "module.eks_cluster",
      "mode": "managed",
      "type": "aws_iam_role_policy_attachment",
      "name": "AmazonEKS_CNI_Policy",
      "provider": "provider[\"registry.terraform.io/hashicorp/aws\"]",
      "instances": [
        {
          "index_key": 0,
          "schema_version": 0,
          "attributes": {
            "id": "eks-node-role-name-20220617074859442500000003",
            "policy_arn": "arn:aws:iam::aws:policy/AmazonEKS_CNI_Policy",
            "role": "eks-node-role-name"
          },
          "sensitive_attributes": [],
          "private": "bnVsbA==",
          "dependencies": [
            "module.eks_cluster.aws_iam_role.eks_nodes_role"
          ]
        }
      ]
    },
    {
      "module": "module.eks_cluster",
      "mode": "managed",
      "type": "aws_key_pair",
      "name": "generated",
      "provider": "provider[\"registry.terraform.io/hashicorp/aws\"]",
      "instances": [
        {
          "index_key": 0,
          "schema_version": 1,
          "attributes": {
            "arn": "arn:aws:ec2:us-east-1:974195321489:key-pair/eks-node-group-key",
            "fingerprint": "9f:6b:45:72:e9:80:7c:e9:d0:c6:94:9a:c2:b7:ff:24",
            "id": "eks-node-group-key",
            "key_name": "eks-node-group-key",
            "key_name_prefix": "",
            "key_pair_id": "key-038e99beeb80be0af",
            "public_key": "ssh-rsa AAAAB3NzaC1yc2EAAAADAQABAAACAQDXG8WALzfXIdVUZM0qJCypoACf9kDt4vfkc0EqEZeZQY6nV//LW9I+2D/byAJCmN/SNhraNMGn525sa6A6a1h9pWUcqVkH3EMCAhC+PBwZwW2PYQmx7bTE4ddC6haJxRp/N0jJ7dfaSQnqiwNd+JJa3/h1oakbC/E2rXtv6PSc1HSZXFF6bLw89shY2NVbbvNB7qNzkCzfv+pHdyrDW6SBElcUkRMiUzW+GjKgx1U11CqW/T+cVtxMKWrn+DeTE9waY5+m34Egl2b7r73ETnzPWMBfKPUlbnn92VAdK26f18rqnGSjirmAaxkEASowAOXJQBnLz7Xw1kKR1Gkq5BY6cyuHc2nHKuT4aH1QXDhymQK4ri6Htwo0eVf0ayyn0alFtLe/u1ZRII7ebdoV+OoSKP+I2OBZfmPMvhVwzhE1i1lmlXKG8XuX8lJQpBZE1BEz5ZTZ9TErdjLmt6S9TfttzYZ2zAVD1sbYeoZJxWJehYgXqW7tdkH6WnwpkCE1QnPiWRz+QtcpJ8vV9WnYxPE0uqh/G/9OlBm+GcdI9mrosQljPUETOBd+9qfkv/Zl/mDKNjRSfGj7jyAlr2axpHpp5GNRHKjKZxz0MfveWR2hZmSjU9Jtv5i6mVKdNjHuvhS4nFuiYJHEuM46a7vCt3mKj8c3FuewleeNOiKX5FCgrQ==",
            "tags": {},
            "tags_all": {}
          },
          "sensitive_attributes": [],
          "private": "eyJzY2hlbWFfdmVyc2lvbiI6IjEifQ==",
          "dependencies": [
            "module.eks_cluster.tls_private_key.generated"
          ]
        }
      ]
    },
    {
      "module": "module.eks_cluster",
      "mode": "managed",
      "type": "aws_ssm_parameter",
      "name": "key_pair",
      "provider": "provider[\"registry.terraform.io/hashicorp/aws\"]",
      "instances": [
        {
          "index_key": 0,
          "schema_version": 0,
          "attributes": {
            "allowed_pattern": "",
            "arn": "arn:aws:ssm:us-east-1:974195321489:parameter/eks-node-group-key",
            "data_type": "text",
            "description": "",
            "id": "eks-node-group-key",
            "key_id": "alias/aws/ssm",
            "name": "eks-node-group-key",
            "overwrite": true,
            "tags": {},
            "tags_all": {},
            "tier": "Standard",
            "type": "SecureString",
            "value": "-----BEGIN RSA PRIVATE KEY-----\nMIIJKAIBAAKCAgEA1xvFgC831yHVVGTNKiQsqaAAn/ZA7eL35HNBKhGXmUGOp1f/\ny1vSPtg/28gCQpjf0jYa2jTBp+dubGugOmtYfaVlHKlZB9xDAgIQvjwcGcFtj2EJ\nse20xOHXQuoWicUafzdIye3X2kkJ6osDXfiSWt/4daGpGwvxNq17b+j0nNR0mVxR\nemy8PPbIWNjVW27zQe6jc5As37/qR3cqw1ukgRJXFJETIlM1vhoyoMdVNdQqlv0/\nnFbcTClq5/g3kxPcGmOfpt+BIJdm+6+9xE58z1jAXyj1JW55/dlQHStun9fK6pxk\no4q5gGsZBAEqMADlyUAZy8+18NZCkdRpKuQWOnMrh3Npxyrk+Gh9UFw4cpkCuK4u\nh7cKNHlX9Gssp9GpRbS3v7tWUSCO3m3aFfjqEij/iNjgWX5jzL4VcM4RNYtZZpVy\nhvF7l/JSUKQWRNQRM+WU2fUxK3Yy5rekvU37bc2GdswFQ9bG2HqGScViXoWIF6lu\n7XZB+lp8KZAhNUJz4lkc/kLXKSfL1fVp2MTxNLqofxv/TpQZvhnHSPZq6LEJYz1B\nEzgXfvan5L/2Zf5gyjY0Unxo+48gJa9msaR6aeRjURyoymcc9DH73lkdoWZko1PS\nbb+YuplSnTYx7r4UuJxbomCRxLjOOmu7wrd5io/HNxbnsJXnjToil+RQoK0CAwEA\nAQKCAgBxjJxl/QbqDlcRVKCkpTHaXLbXueMucAhRVLHKZjzzTpLiLWa+z3qdaAPV\nna/rvc0wpxTnqL+tRVKZ8vpCvFWbBcrpJU/1AUVx8uspsItY4S1XaW73uLYa0+iQ\nzwcUtLI3A1TuGxo9hR6x663cVhHT3LTIS4z71QMAzPUC7yLpApGGPyBXkryPJeo+\nVD/UIy5P2Iv5vdqiRimCjhpJw7+Dzs2e8rH6BZiyABxHmNGXN6c/yvFgMs3ZemeP\nigy0G+CtIXeuW/9K2AEpzOxMiu4BeiUaVoGJv9avtJ5At6OOxxe7XtEVL26apm4v\nGfpOGrsx0B+N4dh2CHRdjJXzaTF9s0OzIqXHDP+ckrcKKM66vNXGYxiQoIEmGgI5\nMZsOOBXXyu/pDEVyrnOoBjfZaIMta4EVl10NI7ap8IuhWo/TiYLzwf7k6MPe9AWl\nsK59uCyw8xyiHmmuYpzulBzPwnZ4bl8Q4QR5uR2bYpwQYqJ3am0KNSUyS7eBwahf\n+ge71M2twfRO9zvT9pe36/K3pZUkfWCfjFvgvGhSYzyw2hRmjIeZpnP6FCYNt+IX\nrERRRQEfbE36Qmz6Z9TbUtJf6FC5A0vHEV/PS27pvIwWLJfaDs9tYgzlXO2O5EMc\ntH+maUWOw+zyvmKuhdBnS9n8j0z/2ApaU4Z2d0qWCvgYhgZEIQKCAQEA9Mib0alL\nxue3ECui+Fcvrx4/v9zr1TG3yaGye2v8M29z2xFc52okaurTFGaOeMIEdW+iMNLf\ni8qArEvp48kQtykf72hiFeacZ5bQ2L/ZYRqlcIaLbBurkl8/0bd6XL8TyTIyypbq\nM6sR8mN8DaIh1FxeJ+hbIkk6hNy2DIi7Lf8s97PGDq/Dm1yZ+N6X93b7luj2jf4q\n3qgScg2iPm+iR674RstodyT7Wiq1sfRdEF0bCFXLMTqHBy+20xSO17OoS62VJ29v\n8Bvs35GbttFIFAwUlpto/ZUWxDTe9S6fH8hGc2xFhaP4spcVthwi636oBSdLI2y5\nBvMfLhnAlZ2p+QKCAQEA4PcQUWtIGJYvXkGzqpoKY5DBaf5vmcHiG8FzvyIizM7P\ne92atAZ3hf2BeaRP8mCPTGdRtSr9qvgXtMYDRtTJL5LqMcg70JZaiRAgcagcnsot\no2PL2GPs43RVDgYn3xUBz6U/mh5FLAi3j2Y7TESuK6h/TeS7czGA0Moscx4/AoPF\nRVXTMN6vBOozyE+GJwSX+RvqG57vPcPJ9CS9/FcPFTj0PtsSTLz0W1lVopzytnuH\ntlfHf+8GPn48h19AJndQ1EBLfi66w/nz+aO+sEEYolXc0cjcRE/+XUZJnKxLzPKp\nmpena/Ec4SRzTVO6R2nxFuVf4u2kv3BLZ2Z2CsT5VQKCAQEAywSzD3IdMiwujY/T\ni6ssFk69StDdHCYvK2Eb2feW5cYTTecZqalD6RU32hyxH4CzF/9tgpby50sd60jP\nBKhXX8IRBYwKheWNZPEV6B8+GKZz/l7otdJBO5YaJULKjq+/pkgnDhWayx2gNevD\nEL+e1TWCthClvUsE6PrxVnX04NJaJlsI8ldeobVs0pczbQBW7DPtgZkDT0YQfl3G\naYhHDLMWogjEbMTUX1U6+wwUP6Uo7YHSk9LZ+ODe/jR3wHj2JUYjheCL85YFoOtw\nPXFYGaBnVv4wVtlXV4YOQUXYnhCKNeLfylZTxzM9w5uUbsLOce/EBu5+i0ALZT3g\nl3Z7aQKCAQB061MazcQZqyyRM1p6ZzbRCnHLccZ0xhSK0l8izk4B3dZuDP2TZO0H\nwXpiSyiV0uOHFQedPeu6yNghRux7CqpJRHTdTLDxtsL1C2GhUHsXeAKCMaLHIyAC\nEvsFn+NnCNb5IWxN4D+ZJCqqp7pX6DYRULBhPmjB9M97NCgn6GddGjkT0QhDFOkn\nh8VD7TjO3I9Tk9N3aYHzuuciMVpgZKrdH82pQVhgc7AYLfTY3/MxLkCZX0O7VPIM\n1rUEsld35nkm5weVXBoLMsQ/UYAQwLRZ4oAys87u3hhYR+iIOe/nY5MMWpdT/WtC\nBBy86rAc343ClZHhMht2t5ko81KURE1FAoIBAHTsX+TCCnTwQQ3aZrYaFwnhy3lu\n3Br4+RS0Df8rjqWu8+PaJiFYhIToxI2SbK4PMNx5xO9PZMHXWIi+ugOtW9ITqnI/\n/uUuAnEOBMKsvevYxlVVH4krT48gvgcLpHK/E7yIZZGm0Ga6rwu+J5ouVUB3dxAR\n7/xnEw67JnN7PICvOUrJUk4Vnbx6E0lqev9QWgtjVsNaolESGrSKVfNUQ57/pHRI\nypCAOvokcjyOdWpLcaXeZA+s+CfKf3EBF2+gzWwY3/ekxnEr73VDcIYL39yatEBy\nI5qvoAkZwqzMl97a/BcidbzcQm+kfvUEayavU6+iJhvgbOao0xWM3ZcZHuQ=\n-----END RSA PRIVATE KEY-----\n",
            "version": 1
          },
          "sensitive_attributes": [
            [
              {
                "type": "get_attr",
                "value": "value"
              }
            ]
          ],
          "private": "bnVsbA==",
          "dependencies": [
            "module.eks_cluster.tls_private_key.generated"
          ]
        }
      ]
    },
    {
      "module": "module.eks_cluster",
      "mode": "managed",
      "type": "tls_private_key",
      "name": "generated",
      "provider": "provider[\"registry.terraform.io/hashicorp/tls\"]",
      "instances": [
        {
          "index_key": 0,
          "schema_version": 0,
          "attributes": {
            "algorithm": "RSA",
            "ecdsa_curve": "P224",
            "id": "8df649098406e0e1c5c86a040cceb5769b7df670",
            "private_key_openssh": "-----BEGIN OPENSSH PRIVATE KEY-----\nb3BlbnNzaC1rZXktdjEAAAAABG5vbmUAAAAEbm9uZQAAAAAAAAABAAACFwAAAAdz\nc2gtcnNhAAAAAwEAAQAAAgEA1xvFgC831yHVVGTNKiQsqaAAn/ZA7eL35HNBKhGX\nmUGOp1f/y1vSPtg/28gCQpjf0jYa2jTBp+dubGugOmtYfaVlHKlZB9xDAgIQvjwc\nGcFtj2EJse20xOHXQuoWicUafzdIye3X2kkJ6osDXfiSWt/4daGpGwvxNq17b+j0\nnNR0mVxRemy8PPbIWNjVW27zQe6jc5As37/qR3cqw1ukgRJXFJETIlM1vhoyoMdV\nNdQqlv0/nFbcTClq5/g3kxPcGmOfpt+BIJdm+6+9xE58z1jAXyj1JW55/dlQHStu\nn9fK6pxko4q5gGsZBAEqMADlyUAZy8+18NZCkdRpKuQWOnMrh3Npxyrk+Gh9UFw4\ncpkCuK4uh7cKNHlX9Gssp9GpRbS3v7tWUSCO3m3aFfjqEij/iNjgWX5jzL4VcM4R\nNYtZZpVyhvF7l/JSUKQWRNQRM+WU2fUxK3Yy5rekvU37bc2GdswFQ9bG2HqGScVi\nXoWIF6lu7XZB+lp8KZAhNUJz4lkc/kLXKSfL1fVp2MTxNLqofxv/TpQZvhnHSPZq\n6LEJYz1BEzgXfvan5L/2Zf5gyjY0Unxo+48gJa9msaR6aeRjURyoymcc9DH73lkd\noWZko1PSbb+YuplSnTYx7r4UuJxbomCRxLjOOmu7wrd5io/HNxbnsJXnjToil+RQ\noK0AAAc4Y23kBmNt5AYAAAAHc3NoLXJzYQAAAgEA1xvFgC831yHVVGTNKiQsqaAA\nn/ZA7eL35HNBKhGXmUGOp1f/y1vSPtg/28gCQpjf0jYa2jTBp+dubGugOmtYfaVl\nHKlZB9xDAgIQvjwcGcFtj2EJse20xOHXQuoWicUafzdIye3X2kkJ6osDXfiSWt/4\ndaGpGwvxNq17b+j0nNR0mVxRemy8PPbIWNjVW27zQe6jc5As37/qR3cqw1ukgRJX\nFJETIlM1vhoyoMdVNdQqlv0/nFbcTClq5/g3kxPcGmOfpt+BIJdm+6+9xE58z1jA\nXyj1JW55/dlQHStun9fK6pxko4q5gGsZBAEqMADlyUAZy8+18NZCkdRpKuQWOnMr\nh3Npxyrk+Gh9UFw4cpkCuK4uh7cKNHlX9Gssp9GpRbS3v7tWUSCO3m3aFfjqEij/\niNjgWX5jzL4VcM4RNYtZZpVyhvF7l/JSUKQWRNQRM+WU2fUxK3Yy5rekvU37bc2G\ndswFQ9bG2HqGScViXoWIF6lu7XZB+lp8KZAhNUJz4lkc/kLXKSfL1fVp2MTxNLqo\nfxv/TpQZvhnHSPZq6LEJYz1BEzgXfvan5L/2Zf5gyjY0Unxo+48gJa9msaR6aeRj\nURyoymcc9DH73lkdoWZko1PSbb+YuplSnTYx7r4UuJxbomCRxLjOOmu7wrd5io/H\nNxbnsJXnjToil+RQoK0AAAADAQABAAACAHGMnGX9BuoOVxFUoKSlMdpctte54y5w\nCFFUscpmPPNOkuItZr7Pep1oA9Wdr+u9zTCnFOeov61FUpny+kK8VZsFyuklT/UB\nRXHy6ymwi1jhLVdpbve4thrT6JDPBxS0sjcDVO4bGj2FHrHrrdxWEdPctMhLjPvV\nAwDM9QLvIukCkYY/IFeSvI8l6j5UP9QjLk/Yi/m92qJGKYKOGknDv4POzZ7ysfoF\nmLIAHEeY0Zc3pz/K8WAyzdl6Z4+KDLQb4K0hd65b/0rYASnM7EyK7gF6JRpWgYm/\n1q+0nkC3o47HF7te0RUvbpqmbi8Z+k4auzHQH43h2HYIdF2MlfNpMX2zQ7MipccM\n/5yStwoozrq81cZjGJCggSYaAjkxmw44FdfK7+kMRXKuc6gGN9logy1rgRWXXQ0j\ntqnwi6Faj9OJgvPB/uTow970BaWwrn24LLDzHKIeaa5inO6UHM/CdnhuXxDhBHm5\nHZtinBBiondqbQo1JTJLt4HBqF/6B7vUza3B9E73O9P2l7fr8rellSR9YJ+MW+C8\naFJjPLDaFGaMh5mmc/oUJg234hesRFFFAR9sTfpCbPpn1NtS0l/oULkDS8cRX89L\nbum8jBYsl9oOz21iDOVc7Y7kQxy0f6ZpRY7D7PK+Yq6F0GdL2fyPTP/YClpThnZ3\nSpYK+BiGBkQhAAABAHTsX+TCCnTwQQ3aZrYaFwnhy3lu3Br4+RS0Df8rjqWu8+Pa\nJiFYhIToxI2SbK4PMNx5xO9PZMHXWIi+ugOtW9ITqnI//uUuAnEOBMKsvevYxlVV\nH4krT48gvgcLpHK/E7yIZZGm0Ga6rwu+J5ouVUB3dxAR7/xnEw67JnN7PICvOUrJ\nUk4Vnbx6E0lqev9QWgtjVsNaolESGrSKVfNUQ57/pHRIypCAOvokcjyOdWpLcaXe\nZA+s+CfKf3EBF2+gzWwY3/ekxnEr73VDcIYL39yatEByI5qvoAkZwqzMl97a/Bci\ndbzcQm+kfvUEayavU6+iJhvgbOao0xWM3ZcZHuQAAAEBAPTIm9GpS8bntxArovhX\nL68eP7/c69Uxt8mhsntr/DNvc9sRXOdqJGrq0xRmjnjCBHVvojDS34vKgKxL6ePJ\nELcpH+9oYhXmnGeW0Ni/2WEapXCGi2wbq5JfP9G3ely/E8kyMsqW6jOrEfJjfA2i\nIdRcXifoWyJJOoTctgyIuy3/LPezxg6vw5tcmfjel/d2+5bo9o3+Kt6oEnINoj5v\nokeu+EbLaHck+1oqtbH0XRBdGwhVyzE6hwcvttMUjtezqEutlSdvb/Ab7N+Rm7bR\nSBQMFJabaP2VFsQ03vUunx/IRnNsRYWj+LKXFbYcIut+qAUnSyNsuQbzHy4ZwJWd\nqfkAAAEBAOD3EFFrSBiWL15Bs6qaCmOQwWn+b5nB4hvBc78iIszOz3vdmrQGd4X9\ngXmkT/Jgj0xnUbUq/ar4F7TGA0bUyS+S6jHIO9CWWokQIHGoHJ7KLaNjy9hj7ON0\nVQ4GJ98VAc+lP5oeRSwIt49mO0xEriuof03ku3MxgNDKLHMePwKDxUVV0zDerwTq\nM8hPhicEl/kb6hue7z3DyfQkvfxXDxU49D7bEky89FtZVaKc8rZ7h7ZXx3/vBj5+\nPIdfQCZ3UNRAS34uusP58/mjvrBBGKJV3NHI3ERP/l1GSZysS8zyqZqXp2vxHOEk\nc01Tukdp8RblX+LtpL9wS2dmdgrE+VUAAAAAAQID\n-----END OPENSSH PRIVATE KEY-----\n",
            "private_key_pem": "-----BEGIN RSA PRIVATE KEY-----\nMIIJKAIBAAKCAgEA1xvFgC831yHVVGTNKiQsqaAAn/ZA7eL35HNBKhGXmUGOp1f/\ny1vSPtg/28gCQpjf0jYa2jTBp+dubGugOmtYfaVlHKlZB9xDAgIQvjwcGcFtj2EJ\nse20xOHXQuoWicUafzdIye3X2kkJ6osDXfiSWt/4daGpGwvxNq17b+j0nNR0mVxR\nemy8PPbIWNjVW27zQe6jc5As37/qR3cqw1ukgRJXFJETIlM1vhoyoMdVNdQqlv0/\nnFbcTClq5/g3kxPcGmOfpt+BIJdm+6+9xE58z1jAXyj1JW55/dlQHStun9fK6pxk\no4q5gGsZBAEqMADlyUAZy8+18NZCkdRpKuQWOnMrh3Npxyrk+Gh9UFw4cpkCuK4u\nh7cKNHlX9Gssp9GpRbS3v7tWUSCO3m3aFfjqEij/iNjgWX5jzL4VcM4RNYtZZpVy\nhvF7l/JSUKQWRNQRM+WU2fUxK3Yy5rekvU37bc2GdswFQ9bG2HqGScViXoWIF6lu\n7XZB+lp8KZAhNUJz4lkc/kLXKSfL1fVp2MTxNLqofxv/TpQZvhnHSPZq6LEJYz1B\nEzgXfvan5L/2Zf5gyjY0Unxo+48gJa9msaR6aeRjURyoymcc9DH73lkdoWZko1PS\nbb+YuplSnTYx7r4UuJxbomCRxLjOOmu7wrd5io/HNxbnsJXnjToil+RQoK0CAwEA\nAQKCAgBxjJxl/QbqDlcRVKCkpTHaXLbXueMucAhRVLHKZjzzTpLiLWa+z3qdaAPV\nna/rvc0wpxTnqL+tRVKZ8vpCvFWbBcrpJU/1AUVx8uspsItY4S1XaW73uLYa0+iQ\nzwcUtLI3A1TuGxo9hR6x663cVhHT3LTIS4z71QMAzPUC7yLpApGGPyBXkryPJeo+\nVD/UIy5P2Iv5vdqiRimCjhpJw7+Dzs2e8rH6BZiyABxHmNGXN6c/yvFgMs3ZemeP\nigy0G+CtIXeuW/9K2AEpzOxMiu4BeiUaVoGJv9avtJ5At6OOxxe7XtEVL26apm4v\nGfpOGrsx0B+N4dh2CHRdjJXzaTF9s0OzIqXHDP+ckrcKKM66vNXGYxiQoIEmGgI5\nMZsOOBXXyu/pDEVyrnOoBjfZaIMta4EVl10NI7ap8IuhWo/TiYLzwf7k6MPe9AWl\nsK59uCyw8xyiHmmuYpzulBzPwnZ4bl8Q4QR5uR2bYpwQYqJ3am0KNSUyS7eBwahf\n+ge71M2twfRO9zvT9pe36/K3pZUkfWCfjFvgvGhSYzyw2hRmjIeZpnP6FCYNt+IX\nrERRRQEfbE36Qmz6Z9TbUtJf6FC5A0vHEV/PS27pvIwWLJfaDs9tYgzlXO2O5EMc\ntH+maUWOw+zyvmKuhdBnS9n8j0z/2ApaU4Z2d0qWCvgYhgZEIQKCAQEA9Mib0alL\nxue3ECui+Fcvrx4/v9zr1TG3yaGye2v8M29z2xFc52okaurTFGaOeMIEdW+iMNLf\ni8qArEvp48kQtykf72hiFeacZ5bQ2L/ZYRqlcIaLbBurkl8/0bd6XL8TyTIyypbq\nM6sR8mN8DaIh1FxeJ+hbIkk6hNy2DIi7Lf8s97PGDq/Dm1yZ+N6X93b7luj2jf4q\n3qgScg2iPm+iR674RstodyT7Wiq1sfRdEF0bCFXLMTqHBy+20xSO17OoS62VJ29v\n8Bvs35GbttFIFAwUlpto/ZUWxDTe9S6fH8hGc2xFhaP4spcVthwi636oBSdLI2y5\nBvMfLhnAlZ2p+QKCAQEA4PcQUWtIGJYvXkGzqpoKY5DBaf5vmcHiG8FzvyIizM7P\ne92atAZ3hf2BeaRP8mCPTGdRtSr9qvgXtMYDRtTJL5LqMcg70JZaiRAgcagcnsot\no2PL2GPs43RVDgYn3xUBz6U/mh5FLAi3j2Y7TESuK6h/TeS7czGA0Moscx4/AoPF\nRVXTMN6vBOozyE+GJwSX+RvqG57vPcPJ9CS9/FcPFTj0PtsSTLz0W1lVopzytnuH\ntlfHf+8GPn48h19AJndQ1EBLfi66w/nz+aO+sEEYolXc0cjcRE/+XUZJnKxLzPKp\nmpena/Ec4SRzTVO6R2nxFuVf4u2kv3BLZ2Z2CsT5VQKCAQEAywSzD3IdMiwujY/T\ni6ssFk69StDdHCYvK2Eb2feW5cYTTecZqalD6RU32hyxH4CzF/9tgpby50sd60jP\nBKhXX8IRBYwKheWNZPEV6B8+GKZz/l7otdJBO5YaJULKjq+/pkgnDhWayx2gNevD\nEL+e1TWCthClvUsE6PrxVnX04NJaJlsI8ldeobVs0pczbQBW7DPtgZkDT0YQfl3G\naYhHDLMWogjEbMTUX1U6+wwUP6Uo7YHSk9LZ+ODe/jR3wHj2JUYjheCL85YFoOtw\nPXFYGaBnVv4wVtlXV4YOQUXYnhCKNeLfylZTxzM9w5uUbsLOce/EBu5+i0ALZT3g\nl3Z7aQKCAQB061MazcQZqyyRM1p6ZzbRCnHLccZ0xhSK0l8izk4B3dZuDP2TZO0H\nwXpiSyiV0uOHFQedPeu6yNghRux7CqpJRHTdTLDxtsL1C2GhUHsXeAKCMaLHIyAC\nEvsFn+NnCNb5IWxN4D+ZJCqqp7pX6DYRULBhPmjB9M97NCgn6GddGjkT0QhDFOkn\nh8VD7TjO3I9Tk9N3aYHzuuciMVpgZKrdH82pQVhgc7AYLfTY3/MxLkCZX0O7VPIM\n1rUEsld35nkm5weVXBoLMsQ/UYAQwLRZ4oAys87u3hhYR+iIOe/nY5MMWpdT/WtC\nBBy86rAc343ClZHhMht2t5ko81KURE1FAoIBAHTsX+TCCnTwQQ3aZrYaFwnhy3lu\n3Br4+RS0Df8rjqWu8+PaJiFYhIToxI2SbK4PMNx5xO9PZMHXWIi+ugOtW9ITqnI/\n/uUuAnEOBMKsvevYxlVVH4krT48gvgcLpHK/E7yIZZGm0Ga6rwu+J5ouVUB3dxAR\n7/xnEw67JnN7PICvOUrJUk4Vnbx6E0lqev9QWgtjVsNaolESGrSKVfNUQ57/pHRI\nypCAOvokcjyOdWpLcaXeZA+s+CfKf3EBF2+gzWwY3/ekxnEr73VDcIYL39yatEBy\nI5qvoAkZwqzMl97a/BcidbzcQm+kfvUEayavU6+iJhvgbOao0xWM3ZcZHuQ=\n-----END RSA PRIVATE KEY-----\n",
            "public_key_fingerprint_md5": "12:8e:01:19:03:06:d9:b6:ce:36:5d:d5:bf:9a:29:b3",
            "public_key_fingerprint_sha256": "SHA256:Y/FGfXo4MZStjztnvTYfF/1WwJKUCXinMlQNnwXwnmg",
            "public_key_openssh": "ssh-rsa AAAAB3NzaC1yc2EAAAADAQABAAACAQDXG8WALzfXIdVUZM0qJCypoACf9kDt4vfkc0EqEZeZQY6nV//LW9I+2D/byAJCmN/SNhraNMGn525sa6A6a1h9pWUcqVkH3EMCAhC+PBwZwW2PYQmx7bTE4ddC6haJxRp/N0jJ7dfaSQnqiwNd+JJa3/h1oakbC/E2rXtv6PSc1HSZXFF6bLw89shY2NVbbvNB7qNzkCzfv+pHdyrDW6SBElcUkRMiUzW+GjKgx1U11CqW/T+cVtxMKWrn+DeTE9waY5+m34Egl2b7r73ETnzPWMBfKPUlbnn92VAdK26f18rqnGSjirmAaxkEASowAOXJQBnLz7Xw1kKR1Gkq5BY6cyuHc2nHKuT4aH1QXDhymQK4ri6Htwo0eVf0ayyn0alFtLe/u1ZRII7ebdoV+OoSKP+I2OBZfmPMvhVwzhE1i1lmlXKG8XuX8lJQpBZE1BEz5ZTZ9TErdjLmt6S9TfttzYZ2zAVD1sbYeoZJxWJehYgXqW7tdkH6WnwpkCE1QnPiWRz+QtcpJ8vV9WnYxPE0uqh/G/9OlBm+GcdI9mrosQljPUETOBd+9qfkv/Zl/mDKNjRSfGj7jyAlr2axpHpp5GNRHKjKZxz0MfveWR2hZmSjU9Jtv5i6mVKdNjHuvhS4nFuiYJHEuM46a7vCt3mKj8c3FuewleeNOiKX5FCgrQ==\n",
            "public_key_pem": "-----BEGIN PUBLIC KEY-----\nMIICIjANBgkqhkiG9w0BAQEFAAOCAg8AMIICCgKCAgEA1xvFgC831yHVVGTNKiQs\nqaAAn/ZA7eL35HNBKhGXmUGOp1f/y1vSPtg/28gCQpjf0jYa2jTBp+dubGugOmtY\nfaVlHKlZB9xDAgIQvjwcGcFtj2EJse20xOHXQuoWicUafzdIye3X2kkJ6osDXfiS\nWt/4daGpGwvxNq17b+j0nNR0mVxRemy8PPbIWNjVW27zQe6jc5As37/qR3cqw1uk\ngRJXFJETIlM1vhoyoMdVNdQqlv0/nFbcTClq5/g3kxPcGmOfpt+BIJdm+6+9xE58\nz1jAXyj1JW55/dlQHStun9fK6pxko4q5gGsZBAEqMADlyUAZy8+18NZCkdRpKuQW\nOnMrh3Npxyrk+Gh9UFw4cpkCuK4uh7cKNHlX9Gssp9GpRbS3v7tWUSCO3m3aFfjq\nEij/iNjgWX5jzL4VcM4RNYtZZpVyhvF7l/JSUKQWRNQRM+WU2fUxK3Yy5rekvU37\nbc2GdswFQ9bG2HqGScViXoWIF6lu7XZB+lp8KZAhNUJz4lkc/kLXKSfL1fVp2MTx\nNLqofxv/TpQZvhnHSPZq6LEJYz1BEzgXfvan5L/2Zf5gyjY0Unxo+48gJa9msaR6\naeRjURyoymcc9DH73lkdoWZko1PSbb+YuplSnTYx7r4UuJxbomCRxLjOOmu7wrd5\nio/HNxbnsJXnjToil+RQoK0CAwEAAQ==\n-----END PUBLIC KEY-----\n",
            "rsa_bits": 4096
          },
          "sensitive_attributes": [],
          "private": "bnVsbA=="
        }
      ]
    },
    {
      "module": "module.vpc",
      "mode": "managed",
      "type": "aws_subnet",
      "name": "private_subnets",
      "provider": "provider[\"registry.terraform.io/hashicorp/aws\"]",
      "instances": [
        {
          "index_key": 0,
          "schema_version": 1,
          "attributes": {
            "arn": "arn:aws:ec2:us-east-1:974195321489:subnet/subnet-0cfc61ad03faf6721",
            "assign_ipv6_address_on_creation": false,
            "availability_zone": "us-east-1a",
            "availability_zone_id": "use1-az4",
            "cidr_block": "10.0.2.0/24",
            "customer_owned_ipv4_pool": "",
            "enable_dns64": false,
            "enable_resource_name_dns_a_record_on_launch": false,
            "enable_resource_name_dns_aaaa_record_on_launch": false,
            "id": "subnet-0cfc61ad03faf6721",
            "ipv6_cidr_block": "",
            "ipv6_cidr_block_association_id": "",
            "ipv6_native": false,
            "map_customer_owned_ip_on_launch": false,
            "map_public_ip_on_launch": false,
            "outpost_arn": "",
            "owner_id": "974195321489",
            "private_dns_hostname_type_on_launch": "ip-name",
            "tags": {
              "CreationMethod": "Terraform",
              "Environment": "default",
              "Name": "Private subnet - us-east-1a for Staging- Main VPC",
              "Project": "Academic Tracker",
              "Tier": "Private",
              "created_by": "SRE"
            },
            "tags_all": {
              "CreationMethod": "Terraform",
              "Environment": "default",
              "Name": "Private subnet - us-east-1a for Staging- Main VPC",
              "Project": "Academic Tracker",
              "Tier": "Private",
              "created_by": "SRE"
            },
            "timeouts": null,
            "vpc_id": "vpc-093df62161afeda0e"
          },
          "sensitive_attributes": [],
          "private": "eyJlMmJmYjczMC1lY2FhLTExZTYtOGY4OC0zNDM2M2JjN2M0YzAiOnsiY3JlYXRlIjo2MDAwMDAwMDAwMDAsImRlbGV0ZSI6MTIwMDAwMDAwMDAwMH0sInNjaGVtYV92ZXJzaW9uIjoiMSJ9",
          "dependencies": [
            "module.vpc.aws_vpc.main"
          ]
        },
        {
          "index_key": 1,
          "schema_version": 1,
          "attributes": {
            "arn": "arn:aws:ec2:us-east-1:974195321489:subnet/subnet-0862e28d5001905d1",
            "assign_ipv6_address_on_creation": false,
            "availability_zone": "us-east-1b",
            "availability_zone_id": "use1-az6",
            "cidr_block": "10.0.3.0/24",
            "customer_owned_ipv4_pool": "",
            "enable_dns64": false,
            "enable_resource_name_dns_a_record_on_launch": false,
            "enable_resource_name_dns_aaaa_record_on_launch": false,
            "id": "subnet-0862e28d5001905d1",
            "ipv6_cidr_block": "",
            "ipv6_cidr_block_association_id": "",
            "ipv6_native": false,
            "map_customer_owned_ip_on_launch": false,
            "map_public_ip_on_launch": false,
            "outpost_arn": "",
            "owner_id": "974195321489",
            "private_dns_hostname_type_on_launch": "ip-name",
            "tags": {
              "CreationMethod": "Terraform",
              "Environment": "default",
              "Name": "Private subnet - us-east-1b for Staging- Main VPC",
              "Project": "Academic Tracker",
              "Tier": "Private",
              "created_by": "SRE"
            },
            "tags_all": {
              "CreationMethod": "Terraform",
              "Environment": "default",
              "Name": "Private subnet - us-east-1b for Staging- Main VPC",
              "Project": "Academic Tracker",
              "Tier": "Private",
              "created_by": "SRE"
            },
            "timeouts": null,
            "vpc_id": "vpc-093df62161afeda0e"
          },
          "sensitive_attributes": [],
          "private": "eyJlMmJmYjczMC1lY2FhLTExZTYtOGY4OC0zNDM2M2JjN2M0YzAiOnsiY3JlYXRlIjo2MDAwMDAwMDAwMDAsImRlbGV0ZSI6MTIwMDAwMDAwMDAwMH0sInNjaGVtYV92ZXJzaW9uIjoiMSJ9",
          "dependencies": [
            "module.vpc.aws_vpc.main"
          ]
        }
      ]
    },
    {
      "module": "module.vpc",
      "mode": "managed",
      "type": "aws_vpc",
      "name": "main",
      "provider": "provider[\"registry.terraform.io/hashicorp/aws\"]",
      "instances": [
        {
          "schema_version": 1,
          "attributes": {
            "arn": "arn:aws:ec2:us-east-1:974195321489:vpc/vpc-093df62161afeda0e",
            "assign_generated_ipv6_cidr_block": false,
            "cidr_block": "10.0.0.0/16",
            "default_network_acl_id": "acl-05d29fad5c69bade6",
            "default_route_table_id": "rtb-085f46eaea3f9fa8b",
            "default_security_group_id": "sg-02acb5eb0a34e34e5",
            "dhcp_options_id": "dopt-09e15bb2c4fc4b725",
            "enable_classiclink": false,
            "enable_classiclink_dns_support": false,
            "enable_dns_hostnames": true,
            "enable_dns_support": true,
            "id": "vpc-093df62161afeda0e",
            "instance_tenancy": "default",
            "ipv4_ipam_pool_id": null,
            "ipv4_netmask_length": null,
            "ipv6_association_id": "",
            "ipv6_cidr_block": "",
            "ipv6_cidr_block_network_border_group": "",
            "ipv6_ipam_pool_id": "",
            "ipv6_netmask_length": 0,
            "main_route_table_id": "rtb-085f46eaea3f9fa8b",
            "owner_id": "974195321489",
            "tags": {
              "CreationMethod": "Terraform",
              "Environment": "default",
              "IsMutualized": "True",
              "Name": "Staging- Main VPC",
              "Project": "Academic Tracker",
              "created_by": "SRE"
            },
            "tags_all": {
              "CreationMethod": "Terraform",
              "Environment": "default",
              "IsMutualized": "True",
              "Name": "Staging- Main VPC",
              "Project": "Academic Tracker",
              "created_by": "SRE"
            }
          },
          "sensitive_attributes": [],
          "private": "eyJzY2hlbWFfdmVyc2lvbiI6IjEifQ=="
        }
      ]
    }
  ]
}
